
Microsoft Visual Studio Solution File, Format Version 12.00
# Visual Studio 2013
VisualStudioVersion = 12.0.31101.0
MinimumVisualStudioVersion = 10.0.40219.1
Project("{FAE04EC0-301F-11D3-BF4B-00C04F79EFBC}") = "DefineClasses", "01. DefineClass\DefineClasses.csproj", "{BC532119-7309-448D-B71B-0015B4493D7E}"
EndProject
Global
	GlobalSection(SolutionConfigurationPlatforms) = preSolution
		Debug|Any CPU = Debug|Any CPU
		Release|Any CPU = Release|Any CPU
	EndGlobalSection
	GlobalSection(ProjectConfigurationPlatforms) = postSolution
		{BC532119-7309-448D-B71B-0015B4493D7E}.Debug|Any CPU.ActiveCfg = Debug|Any CPU
		{BC532119-7309-448D-B71B-0015B4493D7E}.Debug|Any CPU.Build.0 = Debug|Any CPU
		{BC532119-7309-448D-B71B-0015B4493D7E}.Release|Any CPU.ActiveCfg = Release|Any CPU
		{BC532119-7309-448D-B71B-0015B4493D7E}.Release|Any CPU.Build.0 = Release|Any CPU
	EndGlobalSection
	GlobalSection(SolutionProperties) = preSolution
		HideSolutionNode = FALSE
	EndGlobalSection
EndGlobal
