
Microsoft Visual Studio Solution File, Format Version 12.00
# Visual Studio 14
VisualStudioVersion = 14.0.23107.0
MinimumVisualStudioVersion = 10.0.40219.1
Project("{FAE04EC0-301F-11D3-BF4B-00C04F79EFBC}") = "01. StringBuilder.Substring", "01. StringBuilder.Substring\01. StringBuilder.Substring.csproj", "{77E0C1C8-6E02-486D-83CA-BE3C2D05163A}"
EndProject
Project("{FAE04EC0-301F-11D3-BF4B-00C04F79EFBC}") = "02. IEnumerableExtensions", "02. IEnumerableExtensions\02. IEnumerableExtensions.csproj", "{3F7782E3-1A40-421C-BFA4-1010C18C9DC5}"
EndProject
Project("{FAE04EC0-301F-11D3-BF4B-00C04F79EFBC}") = "06. DivisibleBy7And3", "06. DivisibleBy7And3\06. DivisibleBy7And3.csproj", "{B0BF0BFA-036B-4A7D-AE6F-1FBC46582B0C}"
EndProject
Project("{FAE04EC0-301F-11D3-BF4B-00C04F79EFBC}") = "Student(Problems9-15)", "Student(Problems9-15)\Student(Problems9-15).csproj", "{1BB7EB07-DD0C-47A3-80E7-A556D2D7573B}"
EndProject
Project("{FAE04EC0-301F-11D3-BF4B-00C04F79EFBC}") = "Student(Problems345)", "Student(Problems345)\Student(Problems345).csproj", "{37A6CE73-B585-474C-8183-64CD26A1A40E}"
EndProject
Global
	GlobalSection(SolutionConfigurationPlatforms) = preSolution
		Debug|Any CPU = Debug|Any CPU
		Release|Any CPU = Release|Any CPU
	EndGlobalSection
	GlobalSection(ProjectConfigurationPlatforms) = postSolution
		{77E0C1C8-6E02-486D-83CA-BE3C2D05163A}.Debug|Any CPU.ActiveCfg = Debug|Any CPU
		{77E0C1C8-6E02-486D-83CA-BE3C2D05163A}.Debug|Any CPU.Build.0 = Debug|Any CPU
		{77E0C1C8-6E02-486D-83CA-BE3C2D05163A}.Release|Any CPU.ActiveCfg = Release|Any CPU
		{77E0C1C8-6E02-486D-83CA-BE3C2D05163A}.Release|Any CPU.Build.0 = Release|Any CPU
		{3F7782E3-1A40-421C-BFA4-1010C18C9DC5}.Debug|Any CPU.ActiveCfg = Debug|Any CPU
		{3F7782E3-1A40-421C-BFA4-1010C18C9DC5}.Debug|Any CPU.Build.0 = Debug|Any CPU
		{3F7782E3-1A40-421C-BFA4-1010C18C9DC5}.Release|Any CPU.ActiveCfg = Release|Any CPU
		{3F7782E3-1A40-421C-BFA4-1010C18C9DC5}.Release|Any CPU.Build.0 = Release|Any CPU
		{B0BF0BFA-036B-4A7D-AE6F-1FBC46582B0C}.Debug|Any CPU.ActiveCfg = Debug|Any CPU
		{B0BF0BFA-036B-4A7D-AE6F-1FBC46582B0C}.Debug|Any CPU.Build.0 = Debug|Any CPU
		{B0BF0BFA-036B-4A7D-AE6F-1FBC46582B0C}.Release|Any CPU.ActiveCfg = Release|Any CPU
		{B0BF0BFA-036B-4A7D-AE6F-1FBC46582B0C}.Release|Any CPU.Build.0 = Release|Any CPU
		{1BB7EB07-DD0C-47A3-80E7-A556D2D7573B}.Debug|Any CPU.ActiveCfg = Debug|Any CPU
		{1BB7EB07-DD0C-47A3-80E7-A556D2D7573B}.Debug|Any CPU.Build.0 = Debug|Any CPU
		{1BB7EB07-DD0C-47A3-80E7-A556D2D7573B}.Release|Any CPU.ActiveCfg = Release|Any CPU
		{1BB7EB07-DD0C-47A3-80E7-A556D2D7573B}.Release|Any CPU.Build.0 = Release|Any CPU
		{37A6CE73-B585-474C-8183-64CD26A1A40E}.Debug|Any CPU.ActiveCfg = Debug|Any CPU
		{37A6CE73-B585-474C-8183-64CD26A1A40E}.Debug|Any CPU.Build.0 = Debug|Any CPU
		{37A6CE73-B585-474C-8183-64CD26A1A40E}.Release|Any CPU.ActiveCfg = Release|Any CPU
		{37A6CE73-B585-474C-8183-64CD26A1A40E}.Release|Any CPU.Build.0 = Release|Any CPU
	EndGlobalSection
	GlobalSection(SolutionProperties) = preSolution
		HideSolutionNode = FALSE
	EndGlobalSection
EndGlobal
