
Microsoft Visual Studio Solution File, Format Version 12.00
# Visual Studio 2013
VisualStudioVersion = 12.0.31101.0
MinimumVisualStudioVersion = 10.0.40219.1
Project("{FAE04EC0-301F-11D3-BF4B-00C04F79EFBC}") = "Problem1-3", "Problem1\Problem1-3.csproj", "{5FCB043E-3489-4312-8949-B0B17CE5F2E4}"
EndProject
Project("{FAE04EC0-301F-11D3-BF4B-00C04F79EFBC}") = "Problem4", "Problem4\Problem4.csproj", "{8A36948D-AD34-4A77-B0A1-9E8275A108ED}"
EndProject
Global
	GlobalSection(SolutionConfigurationPlatforms) = preSolution
		Debug|Any CPU = Debug|Any CPU
		Release|Any CPU = Release|Any CPU
	EndGlobalSection
	GlobalSection(ProjectConfigurationPlatforms) = postSolution
		{5FCB043E-3489-4312-8949-B0B17CE5F2E4}.Debug|Any CPU.ActiveCfg = Debug|Any CPU
		{5FCB043E-3489-4312-8949-B0B17CE5F2E4}.Debug|Any CPU.Build.0 = Debug|Any CPU
		{5FCB043E-3489-4312-8949-B0B17CE5F2E4}.Release|Any CPU.ActiveCfg = Release|Any CPU
		{5FCB043E-3489-4312-8949-B0B17CE5F2E4}.Release|Any CPU.Build.0 = Release|Any CPU
		{8A36948D-AD34-4A77-B0A1-9E8275A108ED}.Debug|Any CPU.ActiveCfg = Debug|Any CPU
		{8A36948D-AD34-4A77-B0A1-9E8275A108ED}.Debug|Any CPU.Build.0 = Debug|Any CPU
		{8A36948D-AD34-4A77-B0A1-9E8275A108ED}.Release|Any CPU.ActiveCfg = Release|Any CPU
		{8A36948D-AD34-4A77-B0A1-9E8275A108ED}.Release|Any CPU.Build.0 = Release|Any CPU
	EndGlobalSection
	GlobalSection(SolutionProperties) = preSolution
		HideSolutionNode = FALSE
	EndGlobalSection
EndGlobal
